# THIS IS AN AUTOGENERATED FILE. DO NOT EDIT THIS FILE DIRECTLY.
# yarn lockfile v1
ansi-regex@^2.0.0:
  version "2.1.1"
  resolved "https://registry.yarnpkg.com/ansi-regex/-/ansi-regex-2.1.1.tgz#c3b33ab5ee360d86e0e628f0468ae7ef27d654df"

ansi-styles@^2.2.1:
  version "2.2.1"
  resolved "https://registry.yarnpkg.com/ansi-styles/-/ansi-styles-2.2.1.tgz#b432dd3358b634cf75e1e4664368240533c1ddbe"

ansi-styles@^3.0.0:
  version "3.0.0"
  resolved "https://registry.yarnpkg.com/ansi-styles/-/ansi-styles-3.0.0.tgz#5404e93a544c4fec7f048262977bebfe3155e0c1"
  dependencies:
    color-convert "^1.0.0"

aor-json-rest-client:
  version "2.0.0"
  resolved "https://registry.yarnpkg.com/aor-json-rest-client/-/aor-json-rest-client-2.0.0.tgz#074b07505e11ed175bb9fe92694898b7237d063e"
  dependencies:
    fakerest "~2.0.0"

aor-rich-text-input:
  version "1.0.1"
  resolved "https://registry.yarnpkg.com/aor-rich-text-input/-/aor-rich-text-input-1.0.1.tgz#c3fe8833f1895357eeb2dcd0243e4fe2837fd62a"
  dependencies:
    lodash.debounce "~4.0.8"
    prop-types "~15.5.7"
    quill "~1.1.9"
    react "~15.4.0"

array-findindex-polyfill@^0.1.0:
  version "0.1.0"
  resolved "https://registry.yarnpkg.com/array-findindex-polyfill/-/array-findindex-polyfill-0.1.0.tgz#c362665bec7645f22d7a3c3aac9793f71c3622ef"

asap@~2.0.3:
  version "2.0.5"
  resolved "https://registry.yarnpkg.com/asap/-/asap-2.0.5.tgz#522765b50c3510490e52d7dcfe085ef9ba96958f"

ast-types@0.8.18:
  version "0.8.18"
  resolved "https://registry.yarnpkg.com/ast-types/-/ast-types-0.8.18.tgz#c8b98574898e8914e9d8de74b947564a9fe929af"

ast-types@0.9.4:
  version "0.9.4"
  resolved "https://registry.yarnpkg.com/ast-types/-/ast-types-0.9.4.tgz#410d1f81890aeb8e0a38621558ba5869ae53c91b"

attr-accept@^1.0.3:
  version "1.1.0"
  resolved "https://registry.yarnpkg.com/attr-accept/-/attr-accept-1.1.0.tgz#b5cd35227f163935a8f1de10ed3eba16941f6be6"

babel-code-frame@6.22.0:
  version "6.22.0"
  resolved "https://registry.yarnpkg.com/babel-code-frame/-/babel-code-frame-6.22.0.tgz#027620bee567a88c32561574e7fd0801d33118e4"
  dependencies:
    chalk "^1.1.0"
    esutils "^2.0.2"
    js-tokens "^3.0.0"

babel-runtime@^6.11.6, babel-runtime@^6.20.0, babel-runtime@^6.22.0:
  version "6.23.0"
  resolved "https://registry.yarnpkg.com/babel-runtime/-/babel-runtime-6.23.0.tgz#0a9489f144de70efb3ce4300accdb329e2fc543b"
  dependencies:
    core-js "^2.4.0"
    regenerator-runtime "^0.10.0"

babel-runtime@~6.18.0:
  version "6.18.0"
  resolved "https://registry.yarnpkg.com/babel-runtime/-/babel-runtime-6.18.0.tgz#0f4177ffd98492ef13b9f823e9994a02584c9078"
  dependencies:
    core-js "^2.4.0"
    regenerator-runtime "^0.9.5"

babylon@6.15.0:
  version "6.15.0"
  resolved "https://registry.yarnpkg.com/babylon/-/babylon-6.15.0.tgz#ba65cfa1a80e1759b0e89fb562e27dccae70348e"

balanced-match@^0.4.1:
  version "0.4.2"
  resolved "https://registry.yarnpkg.com/balanced-match/-/balanced-match-0.4.2.tgz#cb3f3e3c732dc0f01ee70b403f302e61d7709838"

bowser@^1.0.0:
  version "1.6.1"
  resolved "https://registry.yarnpkg.com/bowser/-/bowser-1.6.1.tgz#9157e9498f456e937173a2918f3b2161e5353eb3"

brace-expansion@^1.0.0:
  version "1.1.6"
  resolved "https://registry.yarnpkg.com/brace-expansion/-/brace-expansion-1.1.6.tgz#7197d7eaa9b87e648390ea61fc66c84427420df9"
  dependencies:
    balanced-match "^0.4.1"
    concat-map "0.0.1"

chalk@^1.1.0, chalk@^1.1.1, chalk@^1.1.3, chalk@1.1.3:
  version "1.1.3"
  resolved "https://registry.yarnpkg.com/chalk/-/chalk-1.1.3.tgz#a8115c55e4a702fe4d150abd3872822a7e09fc98"
  dependencies:
    ansi-styles "^2.2.1"
    escape-string-regexp "^1.0.2"
    has-ansi "^2.0.0"
    strip-ansi "^3.0.0"
    supports-color "^2.0.0"

change-emitter@^0.1.2:
  version "0.1.3"
  resolved "https://registry.yarnpkg.com/change-emitter/-/change-emitter-0.1.3.tgz#731c9360913855f613dd256568d50f854a8806ac"

clone@~2.1.0:
  version "2.1.1"
  resolved "https://registry.yarnpkg.com/clone/-/clone-2.1.1.tgz#d217d1e961118e3ac9a4b8bba3285553bf647cdb"

color-convert@^1.0.0:
  version "1.9.0"
  resolved "https://registry.yarnpkg.com/color-convert/-/color-convert-1.9.0.tgz#1accf97dd739b983bf994d56fec8f95853641b7a"
  dependencies:
    color-name "^1.1.1"

color-name@^1.1.1:
  version "1.1.1"
  resolved "https://registry.yarnpkg.com/color-name/-/color-name-1.1.1.tgz#4b1415304cf50028ea81643643bd82ea05803689"

colors@>=0.6.2:
  version "1.1.2"
  resolved "https://registry.yarnpkg.com/colors/-/colors-1.1.2.tgz#168a4701756b6a7f51a12ce0c97bfa28c084ed63"

concat-map@0.0.1:
  version "0.0.1"
  resolved "https://registry.yarnpkg.com/concat-map/-/concat-map-0.0.1.tgz#d8a96bd77fd68df7793a73036a3ba0d5405d477b"

core-js@^1.0.0:
  version "1.2.7"
  resolved "https://registry.yarnpkg.com/core-js/-/core-js-1.2.7.tgz#652294c14651db28fa93bd2d5ff2983a4f08c636"

core-js@^2.4.0:
  version "2.4.1"
  resolved "https://registry.yarnpkg.com/core-js/-/core-js-2.4.1.tgz#4de911e667b0eae9124e34254b53aea6fc618d3e"

create-react-class@^15.5.1:
  version "15.5.2"
  resolved "https://registry.yarnpkg.com/create-react-class/-/create-react-class-15.5.2.tgz#6a8758348df660b88326a0e764d569f274aad681"
  dependencies:
    fbjs "^0.8.9"
    object-assign "^4.1.1"

deep-equal@^1.0.0, deep-equal@^1.0.1, deep-equal@~1.0.1:
  version "1.0.1"
  resolved "https://registry.yarnpkg.com/deep-equal/-/deep-equal-1.0.1.tgz#f5d260292b660e084eff4cdbc9f08ad3247448b5"

define-properties@^1.1.2:
  version "1.1.2"
  resolved "https://registry.yarnpkg.com/define-properties/-/define-properties-1.1.2.tgz#83a73f2fea569898fb737193c8f873caf6d45c94"
  dependencies:
    foreach "^2.0.5"
    object-keys "^1.0.8"

encoding@^0.1.11:
  version "0.1.12"
  resolved "https://registry.yarnpkg.com/encoding/-/encoding-0.1.12.tgz#538b66f3ee62cd1ab51ec323829d1f9480c74beb"
  dependencies:
    iconv-lite "~0.4.13"

es-abstract@^1.5.0:
  version "1.7.0"
  resolved "https://registry.yarnpkg.com/es-abstract/-/es-abstract-1.7.0.tgz#dfade774e01bfcd97f96180298c449c8623fb94c"
  dependencies:
    es-to-primitive "^1.1.1"
    function-bind "^1.1.0"
    is-callable "^1.1.3"
    is-regex "^1.0.3"

es-to-primitive@^1.1.1:
  version "1.1.1"
  resolved "https://registry.yarnpkg.com/es-to-primitive/-/es-to-primitive-1.1.1.tgz#45355248a88979034b6792e19bb81f2b7975dd0d"
  dependencies:
    is-callable "^1.1.1"
    is-date-object "^1.0.1"
    is-symbol "^1.0.1"

es6-error@^4.0.0:
  version "4.0.2"
  resolved "https://registry.yarnpkg.com/es6-error/-/es6-error-4.0.2.tgz#eec5c726eacef51b7f6b73c20db6e1b13b069c98"

escape-string-regexp@^1.0.2:
  version "1.0.5"
  resolved "https://registry.yarnpkg.com/escape-string-regexp/-/escape-string-regexp-1.0.5.tgz#1b61c0562190a8dff6ae3bb2cf0200ca130b86d4"

esutils@^2.0.2, esutils@2.0.2:
  version "2.0.2"
  resolved "https://registry.yarnpkg.com/esutils/-/esutils-2.0.2.tgz#0abf4f1caa5bcb1f7a9d8acc6dea4faaa04bac9b"

eventemitter3@~2.0.2:
  version "2.0.3"
  resolved "https://registry.yarnpkg.com/eventemitter3/-/eventemitter3-2.0.3.tgz#b5e1079b59fb5e1ba2771c0a993be060a58c99ba"

extend@^3.0.0, extend@~3.0.0:
  version "3.0.0"
  resolved "https://registry.yarnpkg.com/extend/-/extend-3.0.0.tgz#5a474353b9f3353ddd8176dfd37b91c83a46f1d4"

fakerest@~2.0.0:
  version "2.0.0"
  resolved "https://registry.yarnpkg.com/fakerest/-/fakerest-2.0.0.tgz#c9dbd48f1db564007b50f15d67ea52fb9f3adf83"
  dependencies:
    babel-runtime "^6.22.0"

fast-diff@1.1.1:
  version "1.1.1"
  resolved "https://registry.yarnpkg.com/fast-diff/-/fast-diff-1.1.1.tgz#0aea0e4e605b6a2189f0e936d4b7fbaf1b7cfd9b"

fbjs@^0.8.1, fbjs@^0.8.4, fbjs@^0.8.6, fbjs@^0.8.9:
  version "0.8.12"
  resolved "https://registry.yarnpkg.com/fbjs/-/fbjs-0.8.12.tgz#10b5d92f76d45575fd63a217d4ea02bea2f8ed04"
  dependencies:
    core-js "^1.0.0"
    isomorphic-fetch "^2.1.1"
    loose-envify "^1.0.0"
    object-assign "^4.1.0"
    promise "^7.1.1"
    setimmediate "^1.0.5"
    ua-parser-js "^0.7.9"

flow-parser@0.40.0:
  version "0.40.0"
  resolved "https://registry.yarnpkg.com/flow-parser/-/flow-parser-0.40.0.tgz#b3444742189093323c4319c4fe9d35391f46bcbc"
  dependencies:
    ast-types "0.8.18"
    colors ">=0.6.2"
    minimist ">=0.2.0"

for-each@^0.3.2:
  version "0.3.2"
  resolved "https://registry.yarnpkg.com/for-each/-/for-each-0.3.2.tgz#2c40450b9348e97f281322593ba96704b9abd4d4"
  dependencies:
    is-function "~1.0.0"

foreach@^2.0.5:
  version "2.0.5"
  resolved "https://registry.yarnpkg.com/foreach/-/foreach-2.0.5.tgz#0bee005018aeb260d0a3af3ae658dd0136ec1b99"

fs.realpath@^1.0.0:
  version "1.0.0"
  resolved "https://registry.yarnpkg.com/fs.realpath/-/fs.realpath-1.0.0.tgz#1504ad2523158caa40db4a2787cb01411994ea4f"

function-bind@^1.0.2, function-bind@^1.1.0:
  version "1.1.0"
  resolved "https://registry.yarnpkg.com/function-bind/-/function-bind-1.1.0.tgz#16176714c801798e4e8f2cf7f7529467bb4a5771"

get-stdin@5.0.1:
  version "5.0.1"
  resolved "https://registry.yarnpkg.com/get-stdin/-/get-stdin-5.0.1.tgz#122e161591e21ff4c52530305693f20e6393a398"

glob@7.1.1:
  version "7.1.1"
  resolved "https://registry.yarnpkg.com/glob/-/glob-7.1.1.tgz#805211df04faaf1c63a3600306cdf5ade50b2ec8"
  dependencies:
    fs.realpath "^1.0.0"
    inflight "^1.0.4"
    inherits "2"
    minimatch "^3.0.2"
    once "^1.3.0"
    path-is-absolute "^1.0.0"

has-ansi@^2.0.0:
  version "2.0.0"
  resolved "https://registry.yarnpkg.com/has-ansi/-/has-ansi-2.0.0.tgz#34f5049ce1ecdf2b0649af3ef24e45ed35416d91"
  dependencies:
    ansi-regex "^2.0.0"

has@^1.0.1:
  version "1.0.1"
  resolved "https://registry.yarnpkg.com/has/-/has-1.0.1.tgz#8461733f538b0837c9361e39a9ab9e9704dc2f28"
  dependencies:
    function-bind "^1.0.2"

history@^2.1.2:
  version "2.1.2"
  resolved "https://registry.yarnpkg.com/history/-/history-2.1.2.tgz#4aa2de897a0e4867e4539843be6ecdb2986bfdec"
  dependencies:
    deep-equal "^1.0.0"
    invariant "^2.0.0"
    query-string "^3.0.0"
    warning "^2.0.0"

hoist-non-react-statics@^1.0.0, hoist-non-react-statics@^1.0.3, hoist-non-react-statics@^1.0.5, hoist-non-react-statics@^1.2.0:
  version "1.2.0"
  resolved "https://registry.yarnpkg.com/hoist-non-react-statics/-/hoist-non-react-statics-1.2.0.tgz#aa448cf0986d55cc40773b17174b7dd066cb7cfb"

hyphenate-style-name@^1.0.1:
  version "1.0.2"
  resolved "https://registry.yarnpkg.com/hyphenate-style-name/-/hyphenate-style-name-1.0.2.tgz#31160a36930adaf1fc04c6074f7eb41465d4ec4b"

iconv-lite@~0.4.13:
  version "0.4.15"
  resolved "https://registry.yarnpkg.com/iconv-lite/-/iconv-lite-0.4.15.tgz#fe265a218ac6a57cfe854927e9d04c19825eddeb"

icu4c-data@58l:
  version "0.58.2"
  resolved "https://registry.yarnpkg.com/icu4c-data/-/icu4c-data-0.58.2.tgz#5a683ab5a7cd21f4f1a887a9d0841c298de3f02d"

inflection@~1.10.0:
  version "1.10.0"
  resolved "https://registry.yarnpkg.com/inflection/-/inflection-1.10.0.tgz#5bffcb1197ad3e81050f8e17e21668087ee9eb2f"

inflight@^1.0.4:
  version "1.0.6"
  resolved "https://registry.yarnpkg.com/inflight/-/inflight-1.0.6.tgz#49bd6331d7d02d0c09bc910a1075ba8165b56df9"
  dependencies:
    once "^1.3.0"
    wrappy "1"

inherits@2:
  version "2.0.3"
  resolved "https://registry.yarnpkg.com/inherits/-/inherits-2.0.3.tgz#633c2c83e3da42a502f52466022480f4208261de"

inline-style-prefixer@^2.0.1:
  version "2.0.5"
  resolved "https://registry.yarnpkg.com/inline-style-prefixer/-/inline-style-prefixer-2.0.5.tgz#c153c7e88fd84fef5c602e95a8168b2770671fe7"
  dependencies:
    bowser "^1.0.0"
    hyphenate-style-name "^1.0.1"

invariant@^2.0.0, invariant@^2.2.1:
  version "2.2.2"
  resolved "https://registry.yarnpkg.com/invariant/-/invariant-2.2.2.tgz#9e1f56ac0acdb6bf303306f338be3b204ae60360"
  dependencies:
    loose-envify "^1.0.0"

is-callable@^1.1.1, is-callable@^1.1.3:
  version "1.1.3"
  resolved "https://registry.yarnpkg.com/is-callable/-/is-callable-1.1.3.tgz#86eb75392805ddc33af71c92a0eedf74ee7604b2"

is-date-object@^1.0.1:
  version "1.0.1"
  resolved "https://registry.yarnpkg.com/is-date-object/-/is-date-object-1.0.1.tgz#9aa20eb6aeebbff77fbd33e74ca01b33581d3a16"

is-function@~1.0.0:
  version "1.0.1"
  resolved "https://registry.yarnpkg.com/is-function/-/is-function-1.0.1.tgz#12cfb98b65b57dd3d193a3121f5f6e2f437602b5"

is-promise@^2.1.0:
  version "2.1.0"
  resolved "https://registry.yarnpkg.com/is-promise/-/is-promise-2.1.0.tgz#79a2a9ece7f096e80f36d2b2f3bc16c1ff4bf3fa"

is-regex@^1.0.3:
  version "1.0.4"
  resolved "https://registry.yarnpkg.com/is-regex/-/is-regex-1.0.4.tgz#5517489b547091b0930e095654ced25ee97e9491"
  dependencies:
    has "^1.0.1"

is-stream@^1.0.1:
  version "1.1.0"
  resolved "https://registry.yarnpkg.com/is-stream/-/is-stream-1.1.0.tgz#12d4a3dd4e68e0b79ceb8dbc84173ae80d91ca44"

is-symbol@^1.0.1:
  version "1.0.1"
  resolved "https://registry.yarnpkg.com/is-symbol/-/is-symbol-1.0.1.tgz#3cc59f00025194b6ab2e38dbae6689256b660572"

isomorphic-fetch@^2.1.1:
  version "2.2.1"
  resolved "https://registry.yarnpkg.com/isomorphic-fetch/-/isomorphic-fetch-2.2.1.tgz#611ae1acf14f5e81f729507472819fe9733558a9"
  dependencies:
    node-fetch "^1.0.1"
    whatwg-fetch ">=0.10.0"

jest-matcher-utils@^19.0.0:
  version "19.0.0"
  resolved "https://registry.yarnpkg.com/jest-matcher-utils/-/jest-matcher-utils-19.0.0.tgz#5ecd9b63565d2b001f61fbf7ec4c7f537964564d"
  dependencies:
    chalk "^1.1.3"
    pretty-format "^19.0.0"

jest-validate@19.0.0:
  version "19.0.0"
  resolved "https://registry.yarnpkg.com/jest-validate/-/jest-validate-19.0.0.tgz#8c6318a20ecfeaba0ba5378bfbb8277abded4173"
  dependencies:
    chalk "^1.1.1"
    jest-matcher-utils "^19.0.0"
    leven "^2.0.0"
    pretty-format "^19.0.0"

js-tokens@^3.0.0:
  version "3.0.1"
  resolved "https://registry.yarnpkg.com/js-tokens/-/js-tokens-3.0.1.tgz#08e9f132484a2c45a30907e9dc4d5567b7f114d7"

keycode@^2.1.1:
  version "2.1.8"
  resolved "https://registry.yarnpkg.com/keycode/-/keycode-2.1.8.tgz#94d2b7098215eff0e8f9a8931d5a59076c4532fb"

leven@^2.0.0:
  version "2.1.0"
  resolved "https://registry.yarnpkg.com/leven/-/leven-2.1.0.tgz#c2e7a9f772094dee9d34202ae8acce4687875580"

lodash-es@^4.16.6, lodash-es@^4.2.1:
  version "4.17.4"
  resolved "https://registry.yarnpkg.com/lodash-es/-/lodash-es-4.17.4.tgz#dcc1d7552e150a0640073ba9cb31d70f032950e7"

lodash._getnative@^3.0.0:
  version "3.9.1"
  resolved "https://registry.yarnpkg.com/lodash._getnative/-/lodash._getnative-3.9.1.tgz#570bc7dede46d61cdcde687d65d3eecbaa3aaff5"

lodash.debounce@~4.0.8:
  version "4.0.8"
  resolved "https://registry.yarnpkg.com/lodash.debounce/-/lodash.debounce-4.0.8.tgz#82d79bff30a67c4005ffd5e2515300ad9ca4d7af"

lodash.defaultsdeep@~4.6.0:
  version "4.6.0"
  resolved "https://registry.yarnpkg.com/lodash.defaultsdeep/-/lodash.defaultsdeep-4.6.0.tgz#bec1024f85b1bd96cbea405b23c14ad6443a6f81"

lodash.get@~4.4.2:
  version "4.4.2"
  resolved "https://registry.yarnpkg.com/lodash.get/-/lodash.get-4.4.2.tgz#2d177f652fa31e939b4438d5341499dfa3825e99"

lodash.isarguments@^3.0.0:
  version "3.1.0"
  resolved "https://registry.yarnpkg.com/lodash.isarguments/-/lodash.isarguments-3.1.0.tgz#2f573d85c6a24289ff00663b491c1d338ff3458a"

lodash.isarray@^3.0.0:
  version "3.0.4"
  resolved "https://registry.yarnpkg.com/lodash.isarray/-/lodash.isarray-3.0.4.tgz#79e4eb88c36a8122af86f844aa9bcd851b5fbb55"

lodash.keys@^3.1.2:
  version "3.1.2"
  resolved "https://registry.yarnpkg.com/lodash.keys/-/lodash.keys-3.1.2.tgz#4dbc0472b156be50a0b286855d1bd0b0c656098a"
  dependencies:
    lodash._getnative "^3.0.0"
    lodash.isarguments "^3.0.0"
    lodash.isarray "^3.0.0"

lodash.merge@^4.6.0:
  version "4.6.0"
  resolved "https://registry.yarnpkg.com/lodash.merge/-/lodash.merge-4.6.0.tgz#69884ba144ac33fe699737a6086deffadd0f89c5"

lodash.set@~4.3.2:
  version "4.3.2"
  resolved "https://registry.yarnpkg.com/lodash.set/-/lodash.set-4.3.2.tgz#d8757b1da807dde24816b0d6a84bea1a76230b23"

lodash.throttle@^4.1.1:
  version "4.1.1"
  resolved "https://registry.yarnpkg.com/lodash.throttle/-/lodash.throttle-4.1.1.tgz#c23e91b710242ac70c37f1e1cda9274cc39bf2f4"

lodash@^4.16.6, lodash@^4.2.0, lodash@^4.2.1:
  version "4.17.4"
  resolved "https://registry.yarnpkg.com/lodash/-/lodash-4.17.4.tgz#78203a4d1c328ae1d86dca6460e369b57f4055ae"

loose-envify@^1.0.0, loose-envify@^1.1.0, loose-envify@^1.2.0:
  version "1.3.1"
  resolved "https://registry.yarnpkg.com/loose-envify/-/loose-envify-1.3.1.tgz#d1a8ad33fa9ce0e713d65fdd0ac8b748d478c848"
  dependencies:
    js-tokens "^3.0.0"

material-ui@~0.16.5:
  version "0.16.7"
  resolved "https://registry.yarnpkg.com/material-ui/-/material-ui-0.16.7.tgz#5ec5080d5f227817092c449105df9cbc8807941c"
  dependencies:
    babel-runtime "^6.11.6"
    inline-style-prefixer "^2.0.1"
    keycode "^2.1.1"
    lodash.merge "^4.6.0"
    lodash.throttle "^4.1.1"
    react-addons-create-fragment "^15.0.0"
    react-addons-transition-group "^15.0.0"
    react-event-listener "^0.4.0"
    recompose "^0.21.0"
    simple-assign "^0.1.0"
    warning "^3.0.0"

minimatch@^3.0.2:
  version "3.0.3"
  resolved "https://registry.yarnpkg.com/minimatch/-/minimatch-3.0.3.tgz#2a4e4090b96b2db06a9d7df01055a62a77c9b774"
  dependencies:
    brace-expansion "^1.0.0"

minimist@>=0.2.0, minimist@1.2.0:
  version "1.2.0"
  resolved "https://registry.yarnpkg.com/minimist/-/minimist-1.2.0.tgz#a35008b20f41383eec1fb914f4cd5df79a264284"

node-fetch@^1.0.1:
  version "1.6.3"
  resolved "https://registry.yarnpkg.com/node-fetch/-/node-fetch-1.6.3.tgz#dc234edd6489982d58e8f0db4f695029abcd8c04"
  dependencies:
    encoding "^0.1.11"
    is-stream "^1.0.1"

node-polyglot@2.2.2:
  version "2.2.2"
  resolved "https://registry.yarnpkg.com/node-polyglot/-/node-polyglot-2.2.2.tgz#1a3f76d7392f836ea0823836ede817e6ea6ec26c"
  dependencies:
    for-each "^0.3.2"
    has "^1.0.1"
    string.prototype.trim "^1.1.2"
    warning "^3.0.0"

object-assign@^4.1.0, object-assign@^4.1.1:
  version "4.1.1"
  resolved "https://registry.yarnpkg.com/object-assign/-/object-assign-4.1.1.tgz#2109adc7965887cfc05cbbd442cac8bfbb360863"

object-keys@^1.0.8:
  version "1.0.11"
  resolved "https://registry.yarnpkg.com/object-keys/-/object-keys-1.0.11.tgz#c54601778ad560f1142ce0e01bcca8b56d13426d"

once@^1.3.0:
  version "1.4.0"
  resolved "https://registry.yarnpkg.com/once/-/once-1.4.0.tgz#583b1aa775961d4b113ac17d9c50baef9dd76bd1"
  dependencies:
    wrappy "1"

parchment@1.0.8:
  version "1.0.8"
  resolved "https://registry.yarnpkg.com/parchment/-/parchment-1.0.8.tgz#13ec6becce6c167481f1772bd51a5906de75a038"

path-is-absolute@^1.0.0:
  version "1.0.1"
  resolved "https://registry.yarnpkg.com/path-is-absolute/-/path-is-absolute-1.0.1.tgz#174b9268735534ffbc7ace6bf53a5a9e1b5c5f5f"

prettier@^0.21.0:
  version "0.21.0"
  resolved "https://registry.yarnpkg.com/prettier/-/prettier-0.21.0.tgz#5187ab95fdd9ca63dccf6217ed03b434d72771f8"
  dependencies:
    ast-types "0.9.4"
    babel-code-frame "6.22.0"
    babylon "6.15.0"
    chalk "1.1.3"
    esutils "2.0.2"
    flow-parser "0.40.0"
    get-stdin "5.0.1"
    glob "7.1.1"
    jest-validate "19.0.0"
    minimist "1.2.0"

pretty-format@^19.0.0:
  version "19.0.0"
  resolved "https://registry.yarnpkg.com/pretty-format/-/pretty-format-19.0.0.tgz#56530d32acb98a3fa4851c4e2b9d37b420684c84"
  dependencies:
    ansi-styles "^3.0.0"

promise@^7.1.1:
  version "7.1.1"
  resolved "https://registry.yarnpkg.com/promise/-/promise-7.1.1.tgz#489654c692616b8aa55b0724fa809bb7db49c5bf"
  dependencies:
    asap "~2.0.3"

prop-types@^15.5.4, prop-types@~15.5.7:
  version "15.5.8"
  resolved "https://registry.yarnpkg.com/prop-types/-/prop-types-15.5.8.tgz#6b7b2e141083be38c8595aa51fc55775c7199394"
  dependencies:
    fbjs "^0.8.9"

query-string@^3.0.0:
  version "3.0.3"
  resolved "https://registry.yarnpkg.com/query-string/-/query-string-3.0.3.tgz#ae2e14b4d05071d4e9b9eb4873c35b0dcd42e638"
  dependencies:
    strict-uri-encode "^1.0.0"

quill-delta@3.4.3:
  version "3.4.3"
  resolved "https://registry.yarnpkg.com/quill-delta/-/quill-delta-3.4.3.tgz#2b8cc300f8c98d5b179ef3fd1ff4b522f857a1d3"
  dependencies:
    deep-equal "^1.0.1"
    extend "^3.0.0"
    fast-diff "1.1.1"

quill@~1.1.9:
  version "1.1.10"
  resolved "https://registry.yarnpkg.com/quill/-/quill-1.1.10.tgz#55fec2bb3978b94bd525dee702a1cf5dab32d88d"
  dependencies:
    clone "~2.1.0"
    deep-equal "~1.0.1"
    eventemitter3 "~2.0.2"
    extend "~3.0.0"
    parchment "1.0.8"
    quill-delta "3.4.3"

react-addons-create-fragment@^15.0.0:
  version "15.5.3"
  resolved "https://registry.yarnpkg.com/react-addons-create-fragment/-/react-addons-create-fragment-15.5.3.tgz#d0025675a9e98b2591240382c73b491251066109"
  dependencies:
    fbjs "^0.8.4"
    object-assign "^4.1.0"

react-addons-transition-group@^15.0.0:
  version "15.5.2"
  resolved "https://registry.yarnpkg.com/react-addons-transition-group/-/react-addons-transition-group-15.5.2.tgz#da6989d9cffe27dffacaedc862000ffb09ae2206"
  dependencies:
    fbjs "^0.8.4"
    object-assign "^4.1.0"

react-dom@~15.4.0:
  version "15.4.2"
  resolved "https://registry.yarnpkg.com/react-dom/-/react-dom-15.4.2.tgz#015363f05b0a1fd52ae9efdd3a0060d90695208f"
  dependencies:
    fbjs "^0.8.1"
    loose-envify "^1.1.0"
    object-assign "^4.1.0"

react-dropzone@~3.6.0:
  version "3.6.0"
  resolved "https://registry.yarnpkg.com/react-dropzone/-/react-dropzone-3.6.0.tgz#31e9cdfc0db921525dae0b82115cf4dc764c680a"
  dependencies:
    attr-accept "^1.0.3"

react-event-listener@^0.4.0:
  version "0.4.5"
  resolved "https://registry.yarnpkg.com/react-event-listener/-/react-event-listener-0.4.5.tgz#e3e895a0970cf14ee8f890113af68197abf3d0b1"
  dependencies:
    babel-runtime "^6.20.0"
    fbjs "^0.8.4"
    prop-types "^15.5.4"
    warning "^3.0.0"

react-redux@~4.4.5:
  version "4.4.8"
  resolved "https://registry.yarnpkg.com/react-redux/-/react-redux-4.4.8.tgz#e7bc1dd100e8b64e96ac8212db113239b9e2e08f"
  dependencies:
    create-react-class "^15.5.1"
    hoist-non-react-statics "^1.0.3"
    invariant "^2.0.0"
    lodash "^4.2.0"
    loose-envify "^1.1.0"
    prop-types "^15.5.4"

react-router-redux@~4.0.6:
  version "4.0.8"
  resolved "https://registry.yarnpkg.com/react-router-redux/-/react-router-redux-4.0.8.tgz#227403596b5151e182377dab835b5d45f0f8054e"

react-router@~2.8.1:
  version "2.8.1"
  resolved "https://registry.yarnpkg.com/react-router/-/react-router-2.8.1.tgz#73e9491f6ceb316d0f779829081863e378ee4ed7"
  dependencies:
    history "^2.1.2"
    hoist-non-react-statics "^1.2.0"
    invariant "^2.2.1"
    loose-envify "^1.2.0"
    warning "^3.0.0"

react-tap-event-plugin@~2.0.0:
  version "2.0.1"
  resolved "https://registry.yarnpkg.com/react-tap-event-plugin/-/react-tap-event-plugin-2.0.1.tgz#316beb3bc6556e29ec869a7293e89c826a9074d2"
  dependencies:
    fbjs "^0.8.6"

react@~15.4.0:
  version "15.4.2"
  resolved "https://registry.yarnpkg.com/react/-/react-15.4.2.tgz#41f7991b26185392ba9bae96c8889e7e018397ef"
  dependencies:
    fbjs "^0.8.4"
    loose-envify "^1.1.0"
    object-assign "^4.1.0"

recompose@^0.21.0, recompose@~0.21.2:
  version "0.21.2"
  resolved "https://registry.yarnpkg.com/recompose/-/recompose-0.21.2.tgz#ff3fbdb2397b1c77c47d451be2a63b9295d44681"
  dependencies:
    change-emitter "^0.1.2"
    fbjs "^0.8.1"
    hoist-non-react-statics "^1.0.0"
    symbol-observable "^1.0.4"

redux-form@~6.2.0:
  version "6.2.1"
  resolved "https://registry.yarnpkg.com/redux-form/-/redux-form-6.2.1.tgz#5996f9b648e2b2bc2012adb2dea03b9997dcf0ff"
  dependencies:
    array-findindex-polyfill "^0.1.0"
    deep-equal "^1.0.1"
    es6-error "^4.0.0"
    hoist-non-react-statics "^1.0.5"
    invariant "^2.2.1"
    is-promise "^2.1.0"
    lodash "^4.16.6"
    lodash-es "^4.16.6"
    shallowequal "^0.2.2"

redux-saga@~0.14.2:
  version "0.14.6"
  resolved "https://registry.yarnpkg.com/redux-saga/-/redux-saga-0.14.6.tgz#bc409aa0edaa4a7234759041cc70da62f37c6f13"

redux@~3.6.0:
  version "3.6.0"
  resolved "https://registry.yarnpkg.com/redux/-/redux-3.6.0.tgz#887c2b3d0b9bd86eca2be70571c27654c19e188d"
  dependencies:
    lodash "^4.2.1"
    lodash-es "^4.2.1"
    loose-envify "^1.1.0"
    symbol-observable "^1.0.2"

regenerator-runtime@^0.10.0:
  version "0.10.3"
  resolved "https://registry.yarnpkg.com/regenerator-runtime/-/regenerator-runtime-0.10.3.tgz#8c4367a904b51ea62a908ac310bf99ff90a82a3e"

regenerator-runtime@^0.9.5:
  version "0.9.6"
  resolved "https://registry.yarnpkg.com/regenerator-runtime/-/regenerator-runtime-0.9.6.tgz#d33eb95d0d2001a4be39659707c51b0cb71ce029"

reselect@~2.5.4:
  version "2.5.4"
  resolved "https://registry.yarnpkg.com/reselect/-/reselect-2.5.4.tgz#b7d23fdf00b83fa7ad0279546f8dbbbd765c7047"

rest-ui:
  version "1.0.0"
  resolved "https://registry.yarnpkg.com/rest-ui/-/rest-ui-1.0.0.tgz#03ffc2357c13aed9949655499f550d1bd9471d40"
  dependencies:
    babel-runtime "~6.18.0"
    icu4c-data "58l"
    inflection "~1.10.0"
    lodash.debounce "~4.0.8"
    lodash.defaultsdeep "~4.6.0"
    lodash.get "~4.4.2"
    lodash.set "~4.3.2"
    material-ui "~0.16.5"
    node-polyglot "2.2.2"
    react "~15.4.0"
    react-dom "~15.4.0"
    react-dropzone "~3.6.0"
    react-redux "~4.4.5"
    react-router "~2.8.1"
    react-router-redux "~4.0.6"
    react-tap-event-plugin "~2.0.0"
    recompose "~0.21.2"
    redux "~3.6.0"
    redux-form "~6.2.0"
    redux-saga "~0.14.2"
    reselect "~2.5.4"

setimmediate@^1.0.5:
  version "1.0.5"
  resolved "https://registry.yarnpkg.com/setimmediate/-/setimmediate-1.0.5.tgz#290cbb232e306942d7d7ea9b83732ab7856f8285"

shallowequal@^0.2.2:
  version "0.2.2"
  resolved "https://registry.yarnpkg.com/shallowequal/-/shallowequal-0.2.2.tgz#1e32fd5bcab6ad688a4812cb0cc04efc75c7014e"
  dependencies:
    lodash.keys "^3.1.2"

simple-assign@^0.1.0:
  version "0.1.0"
  resolved "https://registry.yarnpkg.com/simple-assign/-/simple-assign-0.1.0.tgz#17fd3066a5f3d7738f50321bb0f14ca281cc4baa"

strict-uri-encode@^1.0.0:
  version "1.1.0"
  resolved "https://registry.yarnpkg.com/strict-uri-encode/-/strict-uri-encode-1.1.0.tgz#279b225df1d582b1f54e65addd4352e18faa0713"

string.prototype.trim@^1.1.2:
  version "1.1.2"
  resolved "https://registry.yarnpkg.com/string.prototype.trim/-/string.prototype.trim-1.1.2.tgz#d04de2c89e137f4d7d206f086b5ed2fae6be8cea"
  dependencies:
    define-properties "^1.1.2"
    es-abstract "^1.5.0"
    function-bind "^1.0.2"

strip-ansi@^3.0.0:
  version "3.0.1"
  resolved "https://registry.yarnpkg.com/strip-ansi/-/strip-ansi-3.0.1.tgz#6a385fb8853d952d5ff05d0e8aaf94278dc63dcf"
  dependencies:
    ansi-regex "^2.0.0"

supports-color@^2.0.0:
  version "2.0.0"
  resolved "https://registry.yarnpkg.com/supports-color/-/supports-color-2.0.0.tgz#535d045ce6b6363fa40117084629995e9df324c7"

symbol-observable@^1.0.2, symbol-observable@^1.0.4:
  version "1.0.4"
  resolved "https://registry.yarnpkg.com/symbol-observable/-/symbol-observable-1.0.4.tgz#29bf615d4aa7121bdd898b22d4b3f9bc4e2aa03d"

ua-parser-js@^0.7.9:
  version "0.7.12"
  resolved "https://registry.yarnpkg.com/ua-parser-js/-/ua-parser-js-0.7.12.tgz#04c81a99bdd5dc52263ea29d24c6bf8d4818a4bb"

warning@^2.0.0:
  version "2.1.0"
  resolved "https://registry.yarnpkg.com/warning/-/warning-2.1.0.tgz#21220d9c63afc77a8c92111e011af705ce0c6901"
  dependencies:
    loose-envify "^1.0.0"

warning@^3.0.0:
  version "3.0.0"
  resolved "https://registry.yarnpkg.com/warning/-/warning-3.0.0.tgz#32e5377cb572de4ab04753bdf8821c01ed605b7c"
  dependencies:
    loose-envify "^1.0.0"

whatwg-fetch@>=0.10.0:
  version "2.0.3"
  resolved "https://registry.yarnpkg.com/whatwg-fetch/-/whatwg-fetch-2.0.3.tgz#9c84ec2dcf68187ff00bc64e1274b442176e1c84"

wrappy@1:
  version "1.0.2"
  resolved "https://registry.yarnpkg.com/wrappy/-/wrappy-1.0.2.tgz#b5243d8f3ec1aa35f1364605bc0d1036e30ab69f"

